// !$*UTF8*$!
{
	archiveVersion = 1;
	classes = {
	};
	objectVersion = 50;
	objects = {

/* Begin PBXBuildFile section */
		3F3D9EDA24D13E5D00D0006C /* InputName.sks in Resources */ = {isa = PBXBuildFile; fileRef = 3F3D9ED924D13E5C00D0006C /* InputName.sks */; };
		3F3D9EDC24D13E8300D0006C /* InputName.swift in Sources */ = {isa = PBXBuildFile; fileRef = 3F3D9EDB24D13E8300D0006C /* InputName.swift */; };
		3F3D9EDE24D1612000D0006C /* InputNameCustomClass.swift in Sources */ = {isa = PBXBuildFile; fileRef = 3F3D9EDD24D1612000D0006C /* InputNameCustomClass.swift */; };
		3F3D9EE024D16D8C00D0006C /* BGM_Intro.mp3 in Resources */ = {isa = PBXBuildFile; fileRef = 3F3D9EDF24D16D8C00D0006C /* BGM_Intro.mp3 */; };
		3F3D9EE824D1C76B00D0006C /* Loading.sks in Resources */ = {isa = PBXBuildFile; fileRef = 3F3D9EE724D1C76B00D0006C /* Loading.sks */; };
		3F3D9EEA24D1C7A300D0006C /* Loading.swift in Sources */ = {isa = PBXBuildFile; fileRef = 3F3D9EE924D1C7A300D0006C /* Loading.swift */; };
		3F3D9EED24D2885100D0006C /* ChooseCharacter.sks in Resources */ = {isa = PBXBuildFile; fileRef = 3F3D9EEC24D2885100D0006C /* ChooseCharacter.sks */; };
		3F3D9EEF24D2886E00D0006C /* ChooseCharacter.swift in Sources */ = {isa = PBXBuildFile; fileRef = 3F3D9EEE24D2886E00D0006C /* ChooseCharacter.swift */; };
		3F97652124DABF28003ECFD1 /* EndGame.sks in Resources */ = {isa = PBXBuildFile; fileRef = 3F97652024DABF28003ECFD1 /* EndGame.sks */; };
		3F97652324DABF41003ECFD1 /* EndGame.swift in Sources */ = {isa = PBXBuildFile; fileRef = 3F97652224DABF41003ECFD1 /* EndGame.swift */; };
		4526E7E824CEC62500C38745 /* StageOne.sks in Resources */ = {isa = PBXBuildFile; fileRef = 4526E7E724CEC62500C38745 /* StageOne.sks */; };
		4526E7EA24CEC66300C38745 /* StageOne.swift in Sources */ = {isa = PBXBuildFile; fileRef = 4526E7E924CEC66300C38745 /* StageOne.swift */; };
		455EF63C24D9435E00DC53CC /* FinishStageOne.swift in Sources */ = {isa = PBXBuildFile; fileRef = 455EF63B24D9435E00DC53CC /* FinishStageOne.swift */; };
		45AEF78224D939FC0029837E /* GameOverStageOne.swift in Sources */ = {isa = PBXBuildFile; fileRef = 45AEF78124D939FC0029837E /* GameOverStageOne.swift */; };
		45B9D56D24D15ADB000C595A /* MyTileSet.sks in Resources */ = {isa = PBXBuildFile; fileRef = 45B9D56C24D15ADB000C595A /* MyTileSet.sks */; };
		B727D9FE24CAD842008A9834 /* 8-BIT-WONDER.TTF in Resources */ = {isa = PBXBuildFile; fileRef = B727D9FC24CAD842008A9834 /* 8-BIT-WONDER.TTF */; };
		B727D9FF24CAD842008A9834 /* PRESSSTART2P.TTF in Resources */ = {isa = PBXBuildFile; fileRef = B727D9FD24CAD842008A9834 /* PRESSSTART2P.TTF */; };
		B75E965324D02FDC00F3A29D /* HomeScene+ExtensionSound.swift in Sources */ = {isa = PBXBuildFile; fileRef = B75E965224D02FDC00F3A29D /* HomeScene+ExtensionSound.swift */; };
		B75E965524D0327D00F3A29D /* BGM-Home.wav in Resources */ = {isa = PBXBuildFile; fileRef = B75E965424D0327D00F3A29D /* BGM-Home.wav */; };
		B75E965824D0344200F3A29D /* button_click.wav in Resources */ = {isa = PBXBuildFile; fileRef = B75E965724D0344200F3A29D /* button_click.wav */; };
		B76CED5F24C98FC600E16060 /* HomeScene.sks in Resources */ = {isa = PBXBuildFile; fileRef = B76CED5E24C98FC600E16060 /* HomeScene.sks */; };
		B76CED6124C98FD400E16060 /* HomeScene.swift in Sources */ = {isa = PBXBuildFile; fileRef = B76CED6024C98FD400E16060 /* HomeScene.swift */; };
		B7A1C21F24CEDA92002B77D5 /* PrologScene+ExtensionSound.swift in Sources */ = {isa = PBXBuildFile; fileRef = B7A1C21E24CEDA92002B77D5 /* PrologScene+ExtensionSound.swift */; };
		B7C39C1224C1922300214EA4 /* AppDelegate.swift in Sources */ = {isa = PBXBuildFile; fileRef = B7C39C1124C1922300214EA4 /* AppDelegate.swift */; };
		B7C39C1424C1922300214EA4 /* GameScene.sks in Resources */ = {isa = PBXBuildFile; fileRef = B7C39C1324C1922300214EA4 /* GameScene.sks */; };
		B7C39C1624C1922300214EA4 /* Actions.sks in Resources */ = {isa = PBXBuildFile; fileRef = B7C39C1524C1922300214EA4 /* Actions.sks */; };
		B7C39C1824C1922300214EA4 /* GameScene.swift in Sources */ = {isa = PBXBuildFile; fileRef = B7C39C1724C1922300214EA4 /* GameScene.swift */; };
		B7C39C1A24C1922300214EA4 /* GameViewController.swift in Sources */ = {isa = PBXBuildFile; fileRef = B7C39C1924C1922300214EA4 /* GameViewController.swift */; };
		B7C39C1D24C1922300214EA4 /* Main.storyboard in Resources */ = {isa = PBXBuildFile; fileRef = B7C39C1B24C1922300214EA4 /* Main.storyboard */; };
		B7C39C1F24C1922400214EA4 /* Assets.xcassets in Resources */ = {isa = PBXBuildFile; fileRef = B7C39C1E24C1922400214EA4 /* Assets.xcassets */; };
		B7C39C2224C1922400214EA4 /* LaunchScreen.storyboard in Resources */ = {isa = PBXBuildFile; fileRef = B7C39C2024C1922400214EA4 /* LaunchScreen.storyboard */; };
		B7DC99AD24DA98D600753B48 /* StageOne+ExtensionSound.swift in Sources */ = {isa = PBXBuildFile; fileRef = B7DC99AC24DA98D600753B48 /* StageOne+ExtensionSound.swift */; };
		B7DC99AF24DA9A0600753B48 /* BGM-Stage-1.wav in Resources */ = {isa = PBXBuildFile; fileRef = B7DC99AE24DA9A0600753B48 /* BGM-Stage-1.wav */; };
		B7DC99B424DA9D6000753B48 /* SFX-collect-item.wav in Resources */ = {isa = PBXBuildFile; fileRef = B7DC99B024DA9D6000753B48 /* SFX-collect-item.wav */; };
		B7DC99B524DA9D6000753B48 /* SFX-char-jump.wav in Resources */ = {isa = PBXBuildFile; fileRef = B7DC99B124DA9D6000753B48 /* SFX-char-jump.wav */; };
		B7DC99B624DA9D6000753B48 /* SFX-char-damage.mp3 in Resources */ = {isa = PBXBuildFile; fileRef = B7DC99B224DA9D6000753B48 /* SFX-char-damage.mp3 */; };
		B7DC99B724DA9D6000753B48 /* SFX-footstep.wav in Resources */ = {isa = PBXBuildFile; fileRef = B7DC99B324DA9D6000753B48 /* SFX-footstep.wav */; };
		B7DC99B924DAA82700753B48 /* ChooseCharacter+ExtensionSound.swift in Sources */ = {isa = PBXBuildFile; fileRef = B7DC99B824DAA82700753B48 /* ChooseCharacter+ExtensionSound.swift */; };
		B7DE4E3324C83B5400FB36CB /* PrologScene.sks in Resources */ = {isa = PBXBuildFile; fileRef = B7DE4E3224C83B5400FB36CB /* PrologScene.sks */; };
		B7DE4E3524C83B7700FB36CB /* PrologScene.swift in Sources */ = {isa = PBXBuildFile; fileRef = B7DE4E3424C83B7700FB36CB /* PrologScene.swift */; };
		B7F6D41D24D9BD7900E3386A /* InputName+ExtensionSound.swift in Sources */ = {isa = PBXBuildFile; fileRef = B7F6D41C24D9BD7900E3386A /* InputName+ExtensionSound.swift */; };
/* End PBXBuildFile section */

/* Begin PBXFileReference section */
		3F3D9ED924D13E5C00D0006C /* InputName.sks */ = {isa = PBXFileReference; lastKnownFileType = file.sks; path = InputName.sks; sourceTree = "<group>"; };
		3F3D9EDB24D13E8300D0006C /* InputName.swift */ = {isa = PBXFileReference; lastKnownFileType = sourcecode.swift; path = InputName.swift; sourceTree = "<group>"; };
		3F3D9EDD24D1612000D0006C /* InputNameCustomClass.swift */ = {isa = PBXFileReference; lastKnownFileType = sourcecode.swift; path = InputNameCustomClass.swift; sourceTree = "<group>"; };
		3F3D9EDF24D16D8C00D0006C /* BGM_Intro.mp3 */ = {isa = PBXFileReference; lastKnownFileType = audio.mp3; path = BGM_Intro.mp3; sourceTree = "<group>"; };
		3F3D9EE724D1C76B00D0006C /* Loading.sks */ = {isa = PBXFileReference; lastKnownFileType = file.sks; path = Loading.sks; sourceTree = "<group>"; };
		3F3D9EE924D1C7A300D0006C /* Loading.swift */ = {isa = PBXFileReference; lastKnownFileType = sourcecode.swift; path = Loading.swift; sourceTree = "<group>"; };
		3F3D9EEC24D2885100D0006C /* ChooseCharacter.sks */ = {isa = PBXFileReference; lastKnownFileType = file.sks; path = ChooseCharacter.sks; sourceTree = "<group>"; };
		3F3D9EEE24D2886E00D0006C /* ChooseCharacter.swift */ = {isa = PBXFileReference; lastKnownFileType = sourcecode.swift; path = ChooseCharacter.swift; sourceTree = "<group>"; };
		3F97652024DABF28003ECFD1 /* EndGame.sks */ = {isa = PBXFileReference; lastKnownFileType = file.sks; path = EndGame.sks; sourceTree = "<group>"; };
		3F97652224DABF41003ECFD1 /* EndGame.swift */ = {isa = PBXFileReference; lastKnownFileType = sourcecode.swift; path = EndGame.swift; sourceTree = "<group>"; };
		4526E7E724CEC62500C38745 /* StageOne.sks */ = {isa = PBXFileReference; lastKnownFileType = file.sks; path = StageOne.sks; sourceTree = "<group>"; };
		4526E7E924CEC66300C38745 /* StageOne.swift */ = {isa = PBXFileReference; lastKnownFileType = sourcecode.swift; path = StageOne.swift; sourceTree = "<group>"; };
		455EF63B24D9435E00DC53CC /* FinishStageOne.swift */ = {isa = PBXFileReference; lastKnownFileType = sourcecode.swift; path = FinishStageOne.swift; sourceTree = "<group>"; };
		45AEF78124D939FC0029837E /* GameOverStageOne.swift */ = {isa = PBXFileReference; lastKnownFileType = sourcecode.swift; path = GameOverStageOne.swift; sourceTree = "<group>"; };
		45B9D56C24D15ADB000C595A /* MyTileSet.sks */ = {isa = PBXFileReference; lastKnownFileType = file.sks; path = MyTileSet.sks; sourceTree = "<group>"; };
		B727D9FC24CAD842008A9834 /* 8-BIT-WONDER.TTF */ = {isa = PBXFileReference; lastKnownFileType = file; path = "8-BIT-WONDER.TTF"; sourceTree = "<group>"; };
		B727D9FD24CAD842008A9834 /* PRESSSTART2P.TTF */ = {isa = PBXFileReference; lastKnownFileType = file; path = PRESSSTART2P.TTF; sourceTree = "<group>"; };
		B75E965224D02FDC00F3A29D /* HomeScene+ExtensionSound.swift */ = {isa = PBXFileReference; lastKnownFileType = sourcecode.swift; path = "HomeScene+ExtensionSound.swift"; sourceTree = "<group>"; };
		B75E965424D0327D00F3A29D /* BGM-Home.wav */ = {isa = PBXFileReference; lastKnownFileType = audio.wav; path = "BGM-Home.wav"; sourceTree = "<group>"; };
		B75E965724D0344200F3A29D /* button_click.wav */ = {isa = PBXFileReference; lastKnownFileType = audio.wav; path = button_click.wav; sourceTree = "<group>"; };
		B76CED5E24C98FC600E16060 /* HomeScene.sks */ = {isa = PBXFileReference; lastKnownFileType = file.sks; path = HomeScene.sks; sourceTree = "<group>"; };
		B76CED6024C98FD400E16060 /* HomeScene.swift */ = {isa = PBXFileReference; lastKnownFileType = sourcecode.swift; path = HomeScene.swift; sourceTree = "<group>"; };
		B7A1C21E24CEDA92002B77D5 /* PrologScene+ExtensionSound.swift */ = {isa = PBXFileReference; lastKnownFileType = sourcecode.swift; path = "PrologScene+ExtensionSound.swift"; sourceTree = "<group>"; };
		B7C39C0E24C1922300214EA4 /* arvogame.app */ = {isa = PBXFileReference; explicitFileType = wrapper.application; includeInIndex = 0; path = arvogame.app; sourceTree = BUILT_PRODUCTS_DIR; };
		B7C39C1124C1922300214EA4 /* AppDelegate.swift */ = {isa = PBXFileReference; lastKnownFileType = sourcecode.swift; path = AppDelegate.swift; sourceTree = "<group>"; };
		B7C39C1324C1922300214EA4 /* GameScene.sks */ = {isa = PBXFileReference; lastKnownFileType = file.sks; path = GameScene.sks; sourceTree = "<group>"; };
		B7C39C1524C1922300214EA4 /* Actions.sks */ = {isa = PBXFileReference; lastKnownFileType = file.sks; path = Actions.sks; sourceTree = "<group>"; };
		B7C39C1724C1922300214EA4 /* GameScene.swift */ = {isa = PBXFileReference; lastKnownFileType = sourcecode.swift; path = GameScene.swift; sourceTree = "<group>"; };
		B7C39C1924C1922300214EA4 /* GameViewController.swift */ = {isa = PBXFileReference; lastKnownFileType = sourcecode.swift; path = GameViewController.swift; sourceTree = "<group>"; };
		B7C39C1C24C1922300214EA4 /* Base */ = {isa = PBXFileReference; lastKnownFileType = file.storyboard; name = Base; path = Base.lproj/Main.storyboard; sourceTree = "<group>"; };
		B7C39C1E24C1922400214EA4 /* Assets.xcassets */ = {isa = PBXFileReference; lastKnownFileType = folder.assetcatalog; path = Assets.xcassets; sourceTree = "<group>"; };
		B7C39C2124C1922400214EA4 /* Base */ = {isa = PBXFileReference; lastKnownFileType = file.storyboard; name = Base; path = Base.lproj/LaunchScreen.storyboard; sourceTree = "<group>"; };
		B7C39C2324C1922400214EA4 /* Info.plist */ = {isa = PBXFileReference; lastKnownFileType = text.plist.xml; path = Info.plist; sourceTree = "<group>"; };
		B7DC99AC24DA98D600753B48 /* StageOne+ExtensionSound.swift */ = {isa = PBXFileReference; lastKnownFileType = sourcecode.swift; path = "StageOne+ExtensionSound.swift"; sourceTree = "<group>"; };
		B7DC99AE24DA9A0600753B48 /* BGM-Stage-1.wav */ = {isa = PBXFileReference; lastKnownFileType = audio.wav; path = "BGM-Stage-1.wav"; sourceTree = "<group>"; };
		B7DC99B024DA9D6000753B48 /* SFX-collect-item.wav */ = {isa = PBXFileReference; lastKnownFileType = audio.wav; path = "SFX-collect-item.wav"; sourceTree = "<group>"; };
		B7DC99B124DA9D6000753B48 /* SFX-char-jump.wav */ = {isa = PBXFileReference; lastKnownFileType = audio.wav; path = "SFX-char-jump.wav"; sourceTree = "<group>"; };
		B7DC99B224DA9D6000753B48 /* SFX-char-damage.mp3 */ = {isa = PBXFileReference; lastKnownFileType = audio.mp3; path = "SFX-char-damage.mp3"; sourceTree = "<group>"; };
		B7DC99B324DA9D6000753B48 /* SFX-footstep.wav */ = {isa = PBXFileReference; lastKnownFileType = audio.wav; path = "SFX-footstep.wav"; sourceTree = "<group>"; };
		B7DC99B824DAA82700753B48 /* ChooseCharacter+ExtensionSound.swift */ = {isa = PBXFileReference; lastKnownFileType = sourcecode.swift; path = "ChooseCharacter+ExtensionSound.swift"; sourceTree = "<group>"; };
		B7DE4E3224C83B5400FB36CB /* PrologScene.sks */ = {isa = PBXFileReference; lastKnownFileType = file.sks; path = PrologScene.sks; sourceTree = "<group>"; };
		B7DE4E3424C83B7700FB36CB /* PrologScene.swift */ = {isa = PBXFileReference; lastKnownFileType = sourcecode.swift; path = PrologScene.swift; sourceTree = "<group>"; };
		B7F6D41C24D9BD7900E3386A /* InputName+ExtensionSound.swift */ = {isa = PBXFileReference; lastKnownFileType = sourcecode.swift; path = "InputName+ExtensionSound.swift"; sourceTree = "<group>"; };
/* End PBXFileReference section */

/* Begin PBXFrameworksBuildPhase section */
		B7C39C0B24C1922300214EA4 /* Frameworks */ = {
			isa = PBXFrameworksBuildPhase;
			buildActionMask = 2147483647;
			files = (
			);
			runOnlyForDeploymentPostprocessing = 0;
		};
/* End PBXFrameworksBuildPhase section */

/* Begin PBXGroup section */
		3F3D9ED824D13DF500D0006C /* InputName */ = {
			isa = PBXGroup;
			children = (
				3F3D9ED924D13E5C00D0006C /* InputName.sks */,
				3F3D9EDB24D13E8300D0006C /* InputName.swift */,
				3F3D9EDD24D1612000D0006C /* InputNameCustomClass.swift */,
				B7F6D41C24D9BD7900E3386A /* InputName+ExtensionSound.swift */,
			);
			path = InputName;
			sourceTree = "<group>";
		};
		3F3D9EE624D1C74600D0006C /* Loading */ = {
			isa = PBXGroup;
			children = (
				3F3D9EE724D1C76B00D0006C /* Loading.sks */,
				3F3D9EE924D1C7A300D0006C /* Loading.swift */,
			);
			path = Loading;
			sourceTree = "<group>";
		};
		3F3D9EEB24D2882F00D0006C /* ChooseCharacter */ = {
			isa = PBXGroup;
			children = (
				3F3D9EEC24D2885100D0006C /* ChooseCharacter.sks */,
				3F3D9EEE24D2886E00D0006C /* ChooseCharacter.swift */,
				B7DC99B824DAA82700753B48 /* ChooseCharacter+ExtensionSound.swift */,
			);
			path = ChooseCharacter;
			sourceTree = "<group>";
		};
		3F97651F24DABEFA003ECFD1 /* EndGame */ = {
			isa = PBXGroup;
			children = (
				3F97652024DABF28003ECFD1 /* EndGame.sks */,
				3F97652224DABF41003ECFD1 /* EndGame.swift */,
			);
			path = EndGame;
			sourceTree = "<group>";
		};
		4526E7EB24CEC68800C38745 /* Stage */ = {
			isa = PBXGroup;
			children = (
				4526E7E924CEC66300C38745 /* StageOne.swift */,
				4526E7E724CEC62500C38745 /* StageOne.sks */,
				45AEF78124D939FC0029837E /* GameOverStageOne.swift */,
				455EF63B24D9435E00DC53CC /* FinishStageOne.swift */,
				B7DC99AC24DA98D600753B48 /* StageOne+ExtensionSound.swift */,
			);
			path = Stage;
			sourceTree = "<group>";
		};
		B727D9FB24CAD81E008A9834 /* Fonts */ = {
			isa = PBXGroup;
			children = (
				B727D9FC24CAD842008A9834 /* 8-BIT-WONDER.TTF */,
				B727D9FD24CAD842008A9834 /* PRESSSTART2P.TTF */,
			);
			path = Fonts;
			sourceTree = "<group>";
		};
		B75E965624D0339000F3A29D /* Effects */ = {
			isa = PBXGroup;
			children = (
				B7DC99B224DA9D6000753B48 /* SFX-char-damage.mp3 */,
				B7DC99B124DA9D6000753B48 /* SFX-char-jump.wav */,
				B7DC99B024DA9D6000753B48 /* SFX-collect-item.wav */,
				B7DC99B324DA9D6000753B48 /* SFX-footstep.wav */,
				B75E965724D0344200F3A29D /* button_click.wav */,
			);
			path = Effects;
			sourceTree = "<group>";
		};
		B76CED5D24C98FA200E16060 /* Home */ = {
			isa = PBXGroup;
			children = (
				B76CED5E24C98FC600E16060 /* HomeScene.sks */,
				B76CED6024C98FD400E16060 /* HomeScene.swift */,
				B75E965224D02FDC00F3A29D /* HomeScene+ExtensionSound.swift */,
			);
			path = Home;
			sourceTree = "<group>";
		};
		B7A1C20424CED8FF002B77D5 /* Audio */ = {
			isa = PBXGroup;
			children = (
				B75E965624D0339000F3A29D /* Effects */,
				B7A1C20524CED90C002B77D5 /* Backgrounds */,
			);
			path = Audio;
			sourceTree = "<group>";
		};
		B7A1C20524CED90C002B77D5 /* Backgrounds */ = {
			isa = PBXGroup;
			children = (
				B7DC99AE24DA9A0600753B48 /* BGM-Stage-1.wav */,
				3F3D9EDF24D16D8C00D0006C /* BGM_Intro.mp3 */,
				B75E965424D0327D00F3A29D /* BGM-Home.wav */,
			);
			path = Backgrounds;
			sourceTree = "<group>";
		};
		B7A1C22024CEDAC5002B77D5 /* Extensions */ = {
			isa = PBXGroup;
			children = (
			);
			path = Extensions;
			sourceTree = "<group>";
		};
		B7C39C0524C1922300214EA4 = {
			isa = PBXGroup;
			children = (
				B7C39C1024C1922300214EA4 /* arvogame */,
				B7C39C0F24C1922300214EA4 /* Products */,
			);
			sourceTree = "<group>";
		};
		B7C39C0F24C1922300214EA4 /* Products */ = {
			isa = PBXGroup;
			children = (
				B7C39C0E24C1922300214EA4 /* arvogame.app */,
			);
			name = Products;
			sourceTree = "<group>";
		};
		B7C39C1024C1922300214EA4 /* arvogame */ = {
			isa = PBXGroup;
			children = (
				B7A1C20424CED8FF002B77D5 /* Audio */,
				B727D9FB24CAD81E008A9834 /* Fonts */,
				B7DE4E3024C83AE700FB36CB /* Scenes */,
				B7C39C1124C1922300214EA4 /* AppDelegate.swift */,
				B7C39C1324C1922300214EA4 /* GameScene.sks */,
				B7C39C1524C1922300214EA4 /* Actions.sks */,
				B7C39C1724C1922300214EA4 /* GameScene.swift */,
				B7C39C1924C1922300214EA4 /* GameViewController.swift */,
				B7C39C1B24C1922300214EA4 /* Main.storyboard */,
				B7C39C1E24C1922400214EA4 /* Assets.xcassets */,
				B7C39C2024C1922400214EA4 /* LaunchScreen.storyboard */,
				B7C39C2324C1922400214EA4 /* Info.plist */,
				45B9D56C24D15ADB000C595A /* MyTileSet.sks */,
			);
			path = arvogame;
			sourceTree = "<group>";
		};
		B7DE4E3024C83AE700FB36CB /* Scenes */ = {
			isa = PBXGroup;
			children = (
				B7A1C22024CEDAC5002B77D5 /* Extensions */,
				B76CED5D24C98FA200E16060 /* Home */,
				B7DE4E3124C83B1200FB36CB /* Prolog */,
				4526E7EB24CEC68800C38745 /* Stage */,
				3F3D9ED824D13DF500D0006C /* InputName */,
				3F3D9EE624D1C74600D0006C /* Loading */,
				3F97651F24DABEFA003ECFD1 /* EndGame */,
				3F3D9EEB24D2882F00D0006C /* ChooseCharacter */,
			);
			path = Scenes;
			sourceTree = "<group>";
		};
		B7DE4E3124C83B1200FB36CB /* Prolog */ = {
			isa = PBXGroup;
			children = (
				B7DE4E3224C83B5400FB36CB /* PrologScene.sks */,
				B7DE4E3424C83B7700FB36CB /* PrologScene.swift */,
				B7A1C21E24CEDA92002B77D5 /* PrologScene+ExtensionSound.swift */,
			);
			path = Prolog;
			sourceTree = "<group>";
		};
/* End PBXGroup section */

/* Begin PBXNativeTarget section */
		B7C39C0D24C1922300214EA4 /* arvogame */ = {
			isa = PBXNativeTarget;
			buildConfigurationList = B7C39C2624C1922400214EA4 /* Build configuration list for PBXNativeTarget "arvogame" */;
			buildPhases = (
				B7C39C0A24C1922300214EA4 /* Sources */,
				B7C39C0B24C1922300214EA4 /* Frameworks */,
				B7C39C0C24C1922300214EA4 /* Resources */,
			);
			buildRules = (
			);
			dependencies = (
			);
			name = arvogame;
			productName = arvogame;
			productReference = B7C39C0E24C1922300214EA4 /* arvogame.app */;
			productType = "com.apple.product-type.application";
		};
/* End PBXNativeTarget section */

/* Begin PBXProject section */
		B7C39C0624C1922300214EA4 /* Project object */ = {
			isa = PBXProject;
			attributes = {
				LastSwiftUpdateCheck = 1150;
				LastUpgradeCheck = 1150;
				ORGANIZATIONNAME = "Arvo Team";
				TargetAttributes = {
					B7C39C0D24C1922300214EA4 = {
						CreatedOnToolsVersion = 11.5;
					};
				};
			};
			buildConfigurationList = B7C39C0924C1922300214EA4 /* Build configuration list for PBXProject "arvogame" */;
			compatibilityVersion = "Xcode 9.3";
			developmentRegion = en;
			hasScannedForEncodings = 0;
			knownRegions = (
				en,
				Base,
			);
			mainGroup = B7C39C0524C1922300214EA4;
			productRefGroup = B7C39C0F24C1922300214EA4 /* Products */;
			projectDirPath = "";
			projectRoot = "";
			targets = (
				B7C39C0D24C1922300214EA4 /* arvogame */,
			);
		};
/* End PBXProject section */

/* Begin PBXResourcesBuildPhase section */
		B7C39C0C24C1922300214EA4 /* Resources */ = {
			isa = PBXResourcesBuildPhase;
			buildActionMask = 2147483647;
			files = (
				3F3D9EED24D2885100D0006C /* ChooseCharacter.sks in Resources */,
				B7C39C1D24C1922300214EA4 /* Main.storyboard in Resources */,
				4526E7E824CEC62500C38745 /* StageOne.sks in Resources */,
				B727D9FF24CAD842008A9834 /* PRESSSTART2P.TTF in Resources */,
				3F3D9EE824D1C76B00D0006C /* Loading.sks in Resources */,
				3F97652124DABF28003ECFD1 /* EndGame.sks in Resources */,
				B7DC99B624DA9D6000753B48 /* SFX-char-damage.mp3 in Resources */,
				3F3D9EE024D16D8C00D0006C /* BGM_Intro.mp3 in Resources */,
				B7DC99B524DA9D6000753B48 /* SFX-char-jump.wav in Resources */,
				B7DE4E3324C83B5400FB36CB /* PrologScene.sks in Resources */,
				B75E965524D0327D00F3A29D /* BGM-Home.wav in Resources */,
				B7DC99AF24DA9A0600753B48 /* BGM-Stage-1.wav in Resources */,
				B7C39C1424C1922300214EA4 /* GameScene.sks in Resources */,
				B7DC99B724DA9D6000753B48 /* SFX-footstep.wav in Resources */,
				B76CED5F24C98FC600E16060 /* HomeScene.sks in Resources */,
				B7C39C1F24C1922400214EA4 /* Assets.xcassets in Resources */,
				45B9D56D24D15ADB000C595A /* MyTileSet.sks in Resources */,
				B7C39C2224C1922400214EA4 /* LaunchScreen.storyboard in Resources */,
				B7DC99B424DA9D6000753B48 /* SFX-collect-item.wav in Resources */,
				B7C39C1624C1922300214EA4 /* Actions.sks in Resources */,
				B727D9FE24CAD842008A9834 /* 8-BIT-WONDER.TTF in Resources */,
				B75E965824D0344200F3A29D /* button_click.wav in Resources */,
				3F3D9EDA24D13E5D00D0006C /* InputName.sks in Resources */,
			);
			runOnlyForDeploymentPostprocessing = 0;
		};
/* End PBXResourcesBuildPhase section */

/* Begin PBXSourcesBuildPhase section */
		B7C39C0A24C1922300214EA4 /* Sources */ = {
			isa = PBXSourcesBuildPhase;
			buildActionMask = 2147483647;
			files = (
				B7C39C1824C1922300214EA4 /* GameScene.swift in Sources */,
				B7DE4E3524C83B7700FB36CB /* PrologScene.swift in Sources */,
				3F3D9EEA24D1C7A300D0006C /* Loading.swift in Sources */,
				B75E965324D02FDC00F3A29D /* HomeScene+ExtensionSound.swift in Sources */,
				B7DC99B924DAA82700753B48 /* ChooseCharacter+ExtensionSound.swift in Sources */,
				B7C39C1A24C1922300214EA4 /* GameViewController.swift in Sources */,
				45AEF78224D939FC0029837E /* GameOverStageOne.swift in Sources */,
				4526E7EA24CEC66300C38745 /* StageOne.swift in Sources */,
				B76CED6124C98FD400E16060 /* HomeScene.swift in Sources */,
				455EF63C24D9435E00DC53CC /* FinishStageOne.swift in Sources */,
				3F3D9EDC24D13E8300D0006C /* InputName.swift in Sources */,
				B7A1C21F24CEDA92002B77D5 /* PrologScene+ExtensionSound.swift in Sources */,
				B7F6D41D24D9BD7900E3386A /* InputName+ExtensionSound.swift in Sources */,
				3F97652324DABF41003ECFD1 /* EndGame.swift in Sources */,
				3F3D9EDE24D1612000D0006C /* InputNameCustomClass.swift in Sources */,
				B7DC99AD24DA98D600753B48 /* StageOne+ExtensionSound.swift in Sources */,
				B76CED6124C98FD400E16060 /* HomeScene.swift in Sources */,
				3F3D9EEF24D2886E00D0006C /* ChooseCharacter.swift in Sources */,
				B7C39C1224C1922300214EA4 /* AppDelegate.swift in Sources */,
			);
			runOnlyForDeploymentPostprocessing = 0;
		};
/* End PBXSourcesBuildPhase section */

/* Begin PBXVariantGroup section */
		B7C39C1B24C1922300214EA4 /* Main.storyboard */ = {
			isa = PBXVariantGroup;
			children = (
				B7C39C1C24C1922300214EA4 /* Base */,
			);
			name = Main.storyboard;
			sourceTree = "<group>";
		};
		B7C39C2024C1922400214EA4 /* LaunchScreen.storyboard */ = {
			isa = PBXVariantGroup;
			children = (
				B7C39C2124C1922400214EA4 /* Base */,
			);
			name = LaunchScreen.storyboard;
			sourceTree = "<group>";
		};
/* End PBXVariantGroup section */

/* Begin XCBuildConfiguration section */
		B7C39C2424C1922400214EA4 /* Debug */ = {
			isa = XCBuildConfiguration;
			buildSettings = {
				ALWAYS_SEARCH_USER_PATHS = NO;
				CLANG_ANALYZER_NONNULL = YES;
				CLANG_ANALYZER_NUMBER_OBJECT_CONVERSION = YES_AGGRESSIVE;
				CLANG_CXX_LANGUAGE_STANDARD = "gnu++14";
				CLANG_CXX_LIBRARY = "libc++";
				CLANG_ENABLE_MODULES = YES;
				CLANG_ENABLE_OBJC_ARC = YES;
				CLANG_ENABLE_OBJC_WEAK = YES;
				CLANG_WARN_BLOCK_CAPTURE_AUTORELEASING = YES;
				CLANG_WARN_BOOL_CONVERSION = YES;
				CLANG_WARN_COMMA = YES;
				CLANG_WARN_CONSTANT_CONVERSION = YES;
				CLANG_WARN_DEPRECATED_OBJC_IMPLEMENTATIONS = YES;
				CLANG_WARN_DIRECT_OBJC_ISA_USAGE = YES_ERROR;
				CLANG_WARN_DOCUMENTATION_COMMENTS = YES;
				CLANG_WARN_EMPTY_BODY = YES;
				CLANG_WARN_ENUM_CONVERSION = YES;
				CLANG_WARN_INFINITE_RECURSION = YES;
				CLANG_WARN_INT_CONVERSION = YES;
				CLANG_WARN_NON_LITERAL_NULL_CONVERSION = YES;
				CLANG_WARN_OBJC_IMPLICIT_RETAIN_SELF = YES;
				CLANG_WARN_OBJC_LITERAL_CONVERSION = YES;
				CLANG_WARN_OBJC_ROOT_CLASS = YES_ERROR;
				CLANG_WARN_RANGE_LOOP_ANALYSIS = YES;
				CLANG_WARN_STRICT_PROTOTYPES = YES;
				CLANG_WARN_SUSPICIOUS_MOVE = YES;
				CLANG_WARN_UNGUARDED_AVAILABILITY = YES_AGGRESSIVE;
				CLANG_WARN_UNREACHABLE_CODE = YES;
				CLANG_WARN__DUPLICATE_METHOD_MATCH = YES;
				COPY_PHASE_STRIP = NO;
				DEBUG_INFORMATION_FORMAT = dwarf;
				ENABLE_STRICT_OBJC_MSGSEND = YES;
				ENABLE_TESTABILITY = YES;
				GCC_C_LANGUAGE_STANDARD = gnu11;
				GCC_DYNAMIC_NO_PIC = NO;
				GCC_NO_COMMON_BLOCKS = YES;
				GCC_OPTIMIZATION_LEVEL = 0;
				GCC_PREPROCESSOR_DEFINITIONS = (
					"DEBUG=1",
					"$(inherited)",
				);
				GCC_WARN_64_TO_32_BIT_CONVERSION = YES;
				GCC_WARN_ABOUT_RETURN_TYPE = YES_ERROR;
				GCC_WARN_UNDECLARED_SELECTOR = YES;
				GCC_WARN_UNINITIALIZED_AUTOS = YES_AGGRESSIVE;
				GCC_WARN_UNUSED_FUNCTION = YES;
				GCC_WARN_UNUSED_VARIABLE = YES;
				IPHONEOS_DEPLOYMENT_TARGET = 13.5;
				MTL_ENABLE_DEBUG_INFO = INCLUDE_SOURCE;
				MTL_FAST_MATH = YES;
				ONLY_ACTIVE_ARCH = YES;
				SDKROOT = iphoneos;
				SWIFT_ACTIVE_COMPILATION_CONDITIONS = DEBUG;
				SWIFT_OPTIMIZATION_LEVEL = "-Onone";
			};
			name = Debug;
		};
		B7C39C2524C1922400214EA4 /* Release */ = {
			isa = XCBuildConfiguration;
			buildSettings = {
				ALWAYS_SEARCH_USER_PATHS = NO;
				CLANG_ANALYZER_NONNULL = YES;
				CLANG_ANALYZER_NUMBER_OBJECT_CONVERSION = YES_AGGRESSIVE;
				CLANG_CXX_LANGUAGE_STANDARD = "gnu++14";
				CLANG_CXX_LIBRARY = "libc++";
				CLANG_ENABLE_MODULES = YES;
				CLANG_ENABLE_OBJC_ARC = YES;
				CLANG_ENABLE_OBJC_WEAK = YES;
				CLANG_WARN_BLOCK_CAPTURE_AUTORELEASING = YES;
				CLANG_WARN_BOOL_CONVERSION = YES;
				CLANG_WARN_COMMA = YES;
				CLANG_WARN_CONSTANT_CONVERSION = YES;
				CLANG_WARN_DEPRECATED_OBJC_IMPLEMENTATIONS = YES;
				CLANG_WARN_DIRECT_OBJC_ISA_USAGE = YES_ERROR;
				CLANG_WARN_DOCUMENTATION_COMMENTS = YES;
				CLANG_WARN_EMPTY_BODY = YES;
				CLANG_WARN_ENUM_CONVERSION = YES;
				CLANG_WARN_INFINITE_RECURSION = YES;
				CLANG_WARN_INT_CONVERSION = YES;
				CLANG_WARN_NON_LITERAL_NULL_CONVERSION = YES;
				CLANG_WARN_OBJC_IMPLICIT_RETAIN_SELF = YES;
				CLANG_WARN_OBJC_LITERAL_CONVERSION = YES;
				CLANG_WARN_OBJC_ROOT_CLASS = YES_ERROR;
				CLANG_WARN_RANGE_LOOP_ANALYSIS = YES;
				CLANG_WARN_STRICT_PROTOTYPES = YES;
				CLANG_WARN_SUSPICIOUS_MOVE = YES;
				CLANG_WARN_UNGUARDED_AVAILABILITY = YES_AGGRESSIVE;
				CLANG_WARN_UNREACHABLE_CODE = YES;
				CLANG_WARN__DUPLICATE_METHOD_MATCH = YES;
				COPY_PHASE_STRIP = NO;
				DEBUG_INFORMATION_FORMAT = "dwarf-with-dsym";
				ENABLE_NS_ASSERTIONS = NO;
				ENABLE_STRICT_OBJC_MSGSEND = YES;
				GCC_C_LANGUAGE_STANDARD = gnu11;
				GCC_NO_COMMON_BLOCKS = YES;
				GCC_WARN_64_TO_32_BIT_CONVERSION = YES;
				GCC_WARN_ABOUT_RETURN_TYPE = YES_ERROR;
				GCC_WARN_UNDECLARED_SELECTOR = YES;
				GCC_WARN_UNINITIALIZED_AUTOS = YES_AGGRESSIVE;
				GCC_WARN_UNUSED_FUNCTION = YES;
				GCC_WARN_UNUSED_VARIABLE = YES;
				IPHONEOS_DEPLOYMENT_TARGET = 13.5;
				MTL_ENABLE_DEBUG_INFO = NO;
				MTL_FAST_MATH = YES;
				SDKROOT = iphoneos;
				SWIFT_COMPILATION_MODE = wholemodule;
				SWIFT_OPTIMIZATION_LEVEL = "-O";
				VALIDATE_PRODUCT = YES;
			};
			name = Release;
		};
		B7C39C2724C1922400214EA4 /* Debug */ = {
			isa = XCBuildConfiguration;
			buildSettings = {
				ASSETCATALOG_COMPILER_APPICON_NAME = AppIcon;
				CODE_SIGN_STYLE = Automatic;
				DEVELOPMENT_TEAM = FD685GWNYN;
				INFOPLIST_FILE = arvogame/Info.plist;
				LD_RUNPATH_SEARCH_PATHS = (
					"$(inherited)",
					"@executable_path/Frameworks",
				);
				PRODUCT_BUNDLE_IDENTIFIER = com.appledeveloperacademy.arvogame;
				PRODUCT_NAME = "$(TARGET_NAME)";
				SWIFT_VERSION = 5.0;
				TARGETED_DEVICE_FAMILY = "1,2";
			};
			name = Debug;
		};
		B7C39C2824C1922400214EA4 /* Release */ = {
			isa = XCBuildConfiguration;
			buildSettings = {
				ASSETCATALOG_COMPILER_APPICON_NAME = AppIcon;
				CODE_SIGN_STYLE = Automatic;
				DEVELOPMENT_TEAM = FD685GWNYN;
				INFOPLIST_FILE = arvogame/Info.plist;
				LD_RUNPATH_SEARCH_PATHS = (
					"$(inherited)",
					"@executable_path/Frameworks",
				);
				PRODUCT_BUNDLE_IDENTIFIER = com.appledeveloperacademy.arvogame;
				PRODUCT_NAME = "$(TARGET_NAME)";
				SWIFT_VERSION = 5.0;
				TARGETED_DEVICE_FAMILY = "1,2";
			};
			name = Release;
		};
/* End XCBuildConfiguration section */

/* Begin XCConfigurationList section */
		B7C39C0924C1922300214EA4 /* Build configuration list for PBXProject "arvogame" */ = {
			isa = XCConfigurationList;
			buildConfigurations = (
				B7C39C2424C1922400214EA4 /* Debug */,
				B7C39C2524C1922400214EA4 /* Release */,
			);
			defaultConfigurationIsVisible = 0;
			defaultConfigurationName = Release;
		};
		B7C39C2624C1922400214EA4 /* Build configuration list for PBXNativeTarget "arvogame" */ = {
			isa = XCConfigurationList;
			buildConfigurations = (
				B7C39C2724C1922400214EA4 /* Debug */,
				B7C39C2824C1922400214EA4 /* Release */,
			);
			defaultConfigurationIsVisible = 0;
			defaultConfigurationName = Release;
		};
/* End XCConfigurationList section */
	};
	rootObject = B7C39C0624C1922300214EA4 /* Project object */;
}
